{
  "name": "appmixer.kafka",
  "version": "1.0.0",
  "lockfileVersion": 2,
  "requires": true,
  "packages": {
    "": {
      "name": "appmixer.kafka",
      "version": "1.0.0",
      "dependencies": {
        "kafkajs": "2.2.4",
        "regex-parser": "2.3.0"
      }
    },
    "node_modules/kafkajs": {
      "version": "2.2.4",
      "resolved": "https://registry.npmjs.org/kafkajs/-/kafkajs-2.2.4.tgz",
      "integrity": "sha512-j/YeapB1vfPT2iOIUn/vxdyKEuhuY2PxMBvf5JWux6iSaukAccrMtXEY/Lb7OvavDhOWME589bpLrEdnVHjfjA==",
      "engines": {
        "node": ">=14.0.0"
      }
    },
    "node_modules/regex-parser": {
      "version": "2.3.0",
      "resolved": "https://registry.npmjs.org/regex-parser/-/regex-parser-2.3.0.tgz",
      "integrity": "sha512-TVILVSz2jY5D47F4mA4MppkBrafEaiUWJO/TcZHEIuI13AqoZMkK1WMA4Om1YkYbTx+9Ki1/tSUXbceyr9saRg=="
    }
  },
  "dependencies": {
    "kafkajs": {
      "version": "2.2.4",
      "resolved": "https://registry.npmjs.org/kafkajs/-/kafkajs-2.2.4.tgz",
      "integrity": "sha512-j/YeapB1vfPT2iOIUn/vxdyKEuhuY2PxMBvf5JWux6iSaukAccrMtXEY/Lb7OvavDhOWME589bpLrEdnVHjfjA=="
    },
    "regex-parser": {
      "version": "2.3.0",
      "resolved": "https://registry.npmjs.org/regex-parser/-/regex-parser-2.3.0.tgz",
      "integrity": "sha512-TVILVSz2jY5D47F4mA4MppkBrafEaiUWJO/TcZHEIuI13AqoZMkK1WMA4Om1YkYbTx+9Ki1/tSUXbceyr9saRg=="
    }
  }
}
