{
	"name": "appmixer.utils.controls.Digest",
	"version": "1.0.0",
	"lockfileVersion": 2,
	"requires": true,
	"packages": {
		"": {
			"name": "appmixer.utils.controls.Digest",
			"version": "1.0.0",
			"dependencies": {
				"cron-parser": "4.9.0",
				"moment": "2.30.1"
			}
		},
		"node_modules/cron-parser": {
			"version": "4.9.0",
			"resolved": "https://registry.npmjs.org/cron-parser/-/cron-parser-4.9.0.tgz",
			"integrity": "sha512-p0SaNjrHOnQeR8/VnfGbmg9te2kfyYSQ7Sc/j/6DtPL3JQvKxmjO9TSjNFpujqV3vEYYBvNNvXSxzyksBWAx1Q==",
			"dependencies": {
				"luxon": "^3.2.1"
			},
			"engines": {
				"node": ">=12.0.0"
			}
		},
		"node_modules/luxon": {
			"version": "3.5.0",
			"resolved": "https://registry.npmjs.org/luxon/-/luxon-3.5.0.tgz",
			"integrity": "sha512-rh+Zjr6DNfUYR3bPwJEnuwDdqMbxZW7LOQfUN4B54+Cl+0o5zaU9RJ6bcidfDtC1cWCZXQ+nvX8bf6bAji37QQ==",
			"engines": {
				"node": ">=12"
			}
		},
		"node_modules/moment": {
			"version": "2.30.1",
			"resolved": "https://registry.npmjs.org/moment/-/moment-2.30.1.tgz",
			"integrity": "sha512-uEmtNhbDOrWPFS+hdjFCBfy9f2YoyzRpwcl+DqpC6taX21FzsTLQVbMV/W7PzNSX6x/bhC1zA3c2UQ5NzH6how==",
			"engines": {
				"node": "*"
			}
		}
	},
	"dependencies": {
		"cron-parser": {
			"version": "4.9.0",
			"resolved": "https://registry.npmjs.org/cron-parser/-/cron-parser-4.9.0.tgz",
			"integrity": "sha512-p0SaNjrHOnQeR8/VnfGbmg9te2kfyYSQ7Sc/j/6DtPL3JQvKxmjO9TSjNFpujqV3vEYYBvNNvXSxzyksBWAx1Q==",
			"requires": {
				"luxon": "^3.2.1"
			}
		},
		"luxon": {
			"version": "3.5.0",
			"resolved": "https://registry.npmjs.org/luxon/-/luxon-3.5.0.tgz",
			"integrity": "sha512-rh+Zjr6DNfUYR3bPwJEnuwDdqMbxZW7LOQfUN4B54+Cl+0o5zaU9RJ6bcidfDtC1cWCZXQ+nvX8bf6bAji37QQ=="
		},
		"moment": {
			"version": "2.30.1",
			"resolved": "https://registry.npmjs.org/moment/-/moment-2.30.1.tgz",
			"integrity": "sha512-uEmtNhbDOrWPFS+hdjFCBfy9f2YoyzRpwcl+DqpC6taX21FzsTLQVbMV/W7PzNSX6x/bhC1zA3c2UQ5NzH6how=="
		}
	}
}
