{
    "name": "appmixer.cloudflare",
    "version": "1.0.0",
    "lockfileVersion": 3,
    "requires": true,
    "packages": {
        "": {
            "name": "appmixer.cloudflare",
            "version": "1.0.0",
            "dependencies": {
                "ip-address": "^10.0.1"
            }
        },
        "node_modules/ip-address": {
            "version": "10.0.1",
            "resolved": "https://registry.npmjs.org/ip-address/-/ip-address-10.0.1.tgz",
            "integrity": "sha512-NWv9YLW4PoW2B7xtzaS3NCot75m6nK7Icdv0o3lfMceJVRfSoQwqD4wEH5rLwoKJwUiZ/rfpiVBhnaF0FK4HoA==",
            "engines": {
                "node": ">= 12"
            }
        }
    }
}
